// !$*UTF8*$!
{
	archiveVersion = 1;
	classes = {
	};
	objectVersion = 46;
	objects = {

/* Begin PBXBuildFile section */
		B90ADB591AA85D4C001A604B /* main.m in Sources */ = {isa = PBXBuildFile; fileRef = B90ADB581AA85D4C001A604B /* main.m */; };
		B90ADB5C1AA85D4C001A604B /* AppDelegate.m in Sources */ = {isa = PBXBuildFile; fileRef = B90ADB5B1AA85D4C001A604B /* AppDelegate.m */; };
		B90ADB5F1AA85D4C001A604B /* GCDDemo.xcdatamodeld in Sources */ = {isa = PBXBuildFile; fileRef = B90ADB5D1AA85D4C001A604B /* GCDDemo.xcdatamodeld */; };
		B90ADB611AA85D4C001A604B /* Images.xcassets in Resources */ = {isa = PBXBuildFile; fileRef = B90ADB601AA85D4C001A604B /* Images.xcassets */; };
		B90ADB641AA85D4C001A604B /* LaunchScreen.xib in Resources */ = {isa = PBXBuildFile; fileRef = B90ADB621AA85D4C001A604B /* LaunchScreen.xib */; };
		B90ADB701AA85D4C001A604B /* GCDDemoTests.m in Sources */ = {isa = PBXBuildFile; fileRef = B90ADB6F1AA85D4C001A604B /* GCDDemoTests.m */; };
		B90ADB7B1AA85D82001A604B /* GCDHelper.m in Sources */ = {isa = PBXBuildFile; fileRef = B90ADB7A1AA85D82001A604B /* GCDHelper.m */; settings = {COMPILER_FLAGS = "-fno-objc-arc"; }; };
		B90ADB861AA860C2001A604B /* BaseViewController.m in Sources */ = {isa = PBXBuildFile; fileRef = B90ADB851AA860C2001A604B /* BaseViewController.m */; };
/* End PBXBuildFile section */

/* Begin PBXContainerItemProxy section */
		B90ADB6A1AA85D4C001A604B /* PBXContainerItemProxy */ = {
			isa = PBXContainerItemProxy;
			containerPortal = B90ADB4B1AA85D4C001A604B /* Project object */;
			proxyType = 1;
			remoteGlobalIDString = B90ADB521AA85D4C001A604B;
			remoteInfo = GCDDemo;
		};
/* End PBXContainerItemProxy section */

/* Begin PBXFileReference section */
		B90ADB531AA85D4C001A604B /* GCDDemo.app */ = {isa = PBXFileReference; explicitFileType = wrapper.application; includeInIndex = 0; path = GCDDemo.app; sourceTree = BUILT_PRODUCTS_DIR; };
		B90ADB571AA85D4C001A604B /* Info.plist */ = {isa = PBXFileReference; lastKnownFileType = text.plist.xml; path = Info.plist; sourceTree = "<group>"; };
		B90ADB581AA85D4C001A604B /* main.m */ = {isa = PBXFileReference; lastKnownFileType = sourcecode.c.objc; path = main.m; sourceTree = "<group>"; };
		B90ADB5A1AA85D4C001A604B /* AppDelegate.h */ = {isa = PBXFileReference; lastKnownFileType = sourcecode.c.h; path = AppDelegate.h; sourceTree = "<group>"; };
		B90ADB5B1AA85D4C001A604B /* AppDelegate.m */ = {isa = PBXFileReference; lastKnownFileType = sourcecode.c.objc; path = AppDelegate.m; sourceTree = "<group>"; };
		B90ADB5E1AA85D4C001A604B /* GCDDemo.xcdatamodel */ = {isa = PBXFileReference; lastKnownFileType = wrapper.xcdatamodel; path = GCDDemo.xcdatamodel; sourceTree = "<group>"; };
		B90ADB601AA85D4C001A604B /* Images.xcassets */ = {isa = PBXFileReference; lastKnownFileType = folder.assetcatalog; path = Images.xcassets; sourceTree = "<group>"; };
		B90ADB631AA85D4C001A604B /* Base */ = {isa = PBXFileReference; lastKnownFileType = file.xib; name = Base; path = Base.lproj/LaunchScreen.xib; sourceTree = "<group>"; };
		B90ADB691AA85D4C001A604B /* GCDDemoTests.xctest */ = {isa = PBXFileReference; explicitFileType = wrapper.cfbundle; includeInIndex = 0; path = GCDDemoTests.xctest; sourceTree = BUILT_PRODUCTS_DIR; };
		B90ADB6E1AA85D4C001A604B /* Info.plist */ = {isa = PBXFileReference; lastKnownFileType = text.plist.xml; path = Info.plist; sourceTree = "<group>"; };
		B90ADB6F1AA85D4C001A604B /* GCDDemoTests.m */ = {isa = PBXFileReference; lastKnownFileType = sourcecode.c.objc; path = GCDDemoTests.m; sourceTree = "<group>"; };
		B90ADB791AA85D82001A604B /* GCDHelper.h */ = {isa = PBXFileReference; fileEncoding = 4; lastKnownFileType = sourcecode.c.h; path = GCDHelper.h; sourceTree = "<group>"; };
		B90ADB7A1AA85D82001A604B /* GCDHelper.m */ = {isa = PBXFileReference; fileEncoding = 4; lastKnownFileType = sourcecode.c.objc; path = GCDHelper.m; sourceTree = "<group>"; };
		B90ADB841AA860C2001A604B /* BaseViewController.h */ = {isa = PBXFileReference; fileEncoding = 4; lastKnownFileType = sourcecode.c.h; path = BaseViewController.h; sourceTree = "<group>"; };
		B90ADB851AA860C2001A604B /* BaseViewController.m */ = {isa = PBXFileReference; fileEncoding = 4; lastKnownFileType = sourcecode.c.objc; path = BaseViewController.m; sourceTree = "<group>"; };
/* End PBXFileReference section */

/* Begin PBXFrameworksBuildPhase section */
		B90ADB501AA85D4C001A604B /* Frameworks */ = {
			isa = PBXFrameworksBuildPhase;
			buildActionMask = 2147483647;
			files = (
			);
			runOnlyForDeploymentPostprocessing = 0;
		};
		B90ADB661AA85D4C001A604B /* Frameworks */ = {
			isa = PBXFrameworksBuildPhase;
			buildActionMask = 2147483647;
			files = (
			);
			runOnlyForDeploymentPostprocessing = 0;
		};
/* End PBXFrameworksBuildPhase section */

/* Begin PBXGroup section */
		B90ADB4A1AA85D4C001A604B = {
			isa = PBXGroup;
			children = (
				B90ADB551AA85D4C001A604B /* GCDDemo */,
				B90ADB6C1AA85D4C001A604B /* GCDDemoTests */,
				B90ADB541AA85D4C001A604B /* Products */,
			);
			sourceTree = "<group>";
		};
		B90ADB541AA85D4C001A604B /* Products */ = {
			isa = PBXGroup;
			children = (
				B90ADB531AA85D4C001A604B /* GCDDemo.app */,
				B90ADB691AA85D4C001A604B /* GCDDemoTests.xctest */,
			);
			name = Products;
			sourceTree = "<group>";
		};
		B90ADB551AA85D4C001A604B /* GCDDemo */ = {
			isa = PBXGroup;
			children = (
				B90ADB5A1AA85D4C001A604B /* AppDelegate.h */,
				B90ADB5B1AA85D4C001A604B /* AppDelegate.m */,
				B90ADB601AA85D4C001A604B /* Images.xcassets */,
				B90ADB621AA85D4C001A604B /* LaunchScreen.xib */,
				B90ADB5D1AA85D4C001A604B /* GCDDemo.xcdatamodeld */,
				B90ADB561AA85D4C001A604B /* Supporting Files */,
				B90ADB791AA85D82001A604B /* GCDHelper.h */,
				B90ADB7A1AA85D82001A604B /* GCDHelper.m */,
				B90ADB841AA860C2001A604B /* BaseViewController.h */,
				B90ADB851AA860C2001A604B /* BaseViewController.m */,
			);
			path = GCDDemo;
			sourceTree = "<group>";
		};
		B90ADB561AA85D4C001A604B /* Supporting Files */ = {
			isa = PBXGroup;
			children = (
				B90ADB571AA85D4C001A604B /* Info.plist */,
				B90ADB581AA85D4C001A604B /* main.m */,
			);
			name = "Supporting Files";
			sourceTree = "<group>";
		};
		B90ADB6C1AA85D4C001A604B /* GCDDemoTests */ = {
			isa = PBXGroup;
			children = (
				B90ADB6F1AA85D4C001A604B /* GCDDemoTests.m */,
				B90ADB6D1AA85D4C001A604B /* Supporting Files */,
			);
			path = GCDDemoTests;
			sourceTree = "<group>";
		};
		B90ADB6D1AA85D4C001A604B /* Supporting Files */ = {
			isa = PBXGroup;
			children = (
				B90ADB6E1AA85D4C001A604B /* Info.plist */,
			);
			name = "Supporting Files";
			sourceTree = "<group>";
		};
/* End PBXGroup section */

/* Begin PBXNativeTarget section */
		B90ADB521AA85D4C001A604B /* GCDDemo */ = {
			isa = PBXNativeTarget;
			buildConfigurationList = B90ADB731AA85D4C001A604B /* Build configuration list for PBXNativeTarget "GCDDemo" */;
			buildPhases = (
				B90ADB4F1AA85D4C001A604B /* Sources */,
				B90ADB501AA85D4C001A604B /* Frameworks */,
				B90ADB511AA85D4C001A604B /* Resources */,
			);
			buildRules = (
			);
			dependencies = (
			);
			name = GCDDemo;
			productName = GCDDemo;
			productReference = B90ADB531AA85D4C001A604B /* GCDDemo.app */;
			productType = "com.apple.product-type.application";
		};
		B90ADB681AA85D4C001A604B /* GCDDemoTests */ = {
			isa = PBXNativeTarget;
			buildConfigurationList = B90ADB761AA85D4C001A604B /* Build configuration list for PBXNativeTarget "GCDDemoTests" */;
			buildPhases = (
				B90ADB651AA85D4C001A604B /* Sources */,
				B90ADB661AA85D4C001A604B /* Frameworks */,
				B90ADB671AA85D4C001A604B /* Resources */,
			);
			buildRules = (
			);
			dependencies = (
				B90ADB6B1AA85D4C001A604B /* PBXTargetDependency */,
			);
			name = GCDDemoTests;
			productName = GCDDemoTests;
			productReference = B90ADB691AA85D4C001A604B /* GCDDemoTests.xctest */;
			productType = "com.apple.product-type.bundle.unit-test";
		};
/* End PBXNativeTarget section */

/* Begin PBXProject section */
		B90ADB4B1AA85D4C001A604B /* Project object */ = {
			isa = PBXProject;
			attributes = {
				LastUpgradeCheck = 0600;
				ORGANIZATIONNAME = chu;
				TargetAttributes = {
					B90ADB521AA85D4C001A604B = {
						CreatedOnToolsVersion = 6.0.1;
					};
					B90ADB681AA85D4C001A604B = {
						CreatedOnToolsVersion = 6.0.1;
						TestTargetID = B90ADB521AA85D4C001A604B;
					};
				};
			};
			buildConfigurationList = B90ADB4E1AA85D4C001A604B /* Build configuration list for PBXProject "GCDDemo" */;
			compatibilityVersion = "Xcode 3.2";
			developmentRegion = English;
			hasScannedForEncodings = 0;
			knownRegions = (
				en,
				Base,
			);
			mainGroup = B90ADB4A1AA85D4C001A604B;
			productRefGroup = B90ADB541AA85D4C001A604B /* Products */;
			projectDirPath = "";
			projectRoot = "";
			targets = (
				B90ADB521AA85D4C001A604B /* GCDDemo */,
				B90ADB681AA85D4C001A604B /* GCDDemoTests */,
			);
		};
/* End PBXProject section */

/* Begin PBXResourcesBuildPhase section */
		B90ADB511AA85D4C001A604B /* Resources */ = {
			isa = PBXResourcesBuildPhase;
			buildActionMask = 2147483647;
			files = (
				B90ADB641AA85D4C001A604B /* LaunchScreen.xib in Resources */,
				B90ADB611AA85D4C001A604B /* Images.xcassets in Resources */,
			);
			runOnlyForDeploymentPostprocessing = 0;
		};
		B90ADB671AA85D4C001A604B /* Resources */ = {
			isa = PBXResourcesBuildPhase;
			buildActionMask = 2147483647;
			files = (
			);
			runOnlyForDeploymentPostprocessing = 0;
		};
/* End PBXResourcesBuildPhase section */

/* Begin PBXSourcesBuildPhase section */
		B90ADB4F1AA85D4C001A604B /* Sources */ = {
			isa = PBXSourcesBuildPhase;
			buildActionMask = 2147483647;
			files = (
				B90ADB7B1AA85D82001A604B /* GCDHelper.m in Sources */,
				B90ADB861AA860C2001A604B /* BaseViewController.m in Sources */,
				B90ADB5C1AA85D4C001A604B /* AppDelegate.m in Sources */,
				B90ADB591AA85D4C001A604B /* main.m in Sources */,
				B90ADB5F1AA85D4C001A604B /* GCDDemo.xcdatamodeld in Sources */,
			);
			runOnlyForDeploymentPostprocessing = 0;
		};
		B90ADB651AA85D4C001A604B /* Sources */ = {
			isa = PBXSourcesBuildPhase;
			buildActionMask = 2147483647;
			files = (
				B90ADB701AA85D4C001A604B /* GCDDemoTests.m in Sources */,
			);
			runOnlyForDeploymentPostprocessing = 0;
		};
/* End PBXSourcesBuildPhase section */

/* Begin PBXTargetDependency section */
		B90ADB6B1AA85D4C001A604B /* PBXTargetDependency */ = {
			isa = PBXTargetDependency;
			target = B90ADB521AA85D4C001A604B /* GCDDemo */;
			targetProxy = B90ADB6A1AA85D4C001A604B /* PBXContainerItemProxy */;
		};
/* End PBXTargetDependency section */

/* Begin PBXVariantGroup section */
		B90ADB621AA85D4C001A604B /* LaunchScreen.xib */ = {
			isa = PBXVariantGroup;
			children = (
				B90ADB631AA85D4C001A604B /* Base */,
			);
			name = LaunchScreen.xib;
			sourceTree = "<group>";
		};
/* End PBXVariantGroup section */

/* Begin XCBuildConfiguration section */
		B90ADB711AA85D4C001A604B /* Debug */ = {
			isa = XCBuildConfiguration;
			buildSettings = {
				ALWAYS_SEARCH_USER_PATHS = NO;
				CLANG_CXX_LANGUAGE_STANDARD = "gnu++0x";
				CLANG_CXX_LIBRARY = "libc++";
				CLANG_ENABLE_MODULES = YES;
				CLANG_ENABLE_OBJC_ARC = YES;
				CLANG_WARN_BOOL_CONVERSION = YES;
				CLANG_WARN_CONSTANT_CONVERSION = YES;
				CLANG_WARN_DIRECT_OBJC_ISA_USAGE = YES_ERROR;
				CLANG_WARN_EMPTY_BODY = YES;
				CLANG_WARN_ENUM_CONVERSION = YES;
				CLANG_WARN_INT_CONVERSION = YES;
				CLANG_WARN_OBJC_ROOT_CLASS = YES_ERROR;
				CLANG_WARN_UNREACHABLE_CODE = YES;
				CLANG_WARN__DUPLICATE_METHOD_MATCH = YES;
				"CODE_SIGN_IDENTITY[sdk=iphoneos*]" = "iPhone Developer";
				COPY_PHASE_STRIP = NO;
				ENABLE_STRICT_OBJC_MSGSEND = YES;
				GCC_C_LANGUAGE_STANDARD = gnu99;
				GCC_DYNAMIC_NO_PIC = NO;
				GCC_OPTIMIZATION_LEVEL = 0;
				GCC_PREPROCESSOR_DEFINITIONS = (
					"DEBUG=1",
					"$(inherited)",
				);
				GCC_SYMBOLS_PRIVATE_EXTERN = NO;
				GCC_WARN_64_TO_32_BIT_CONVERSION = YES;
				GCC_WARN_ABOUT_RETURN_TYPE = YES_ERROR;
				GCC_WARN_UNDECLARED_SELECTOR = YES;
				GCC_WARN_UNINITIALIZED_AUTOS = YES_AGGRESSIVE;
				GCC_WARN_UNUSED_FUNCTION = YES;
				GCC_WARN_UNUSED_VARIABLE = YES;
				IPHONEOS_DEPLOYMENT_TARGET = 8.0;
				MTL_ENABLE_DEBUG_INFO = YES;
				ONLY_ACTIVE_ARCH = YES;
				SDKROOT = iphoneos;
			};
			name = Debug;
		};
		B90ADB721AA85D4C001A604B /* Release */ = {
			isa = XCBuildConfiguration;
			buildSettings = {
				ALWAYS_SEARCH_USER_PATHS = NO;
				CLANG_CXX_LANGUAGE_STANDARD = "gnu++0x";
				CLANG_CXX_LIBRARY = "libc++";
				CLANG_ENABLE_MODULES = YES;
				CLANG_ENABLE_OBJC_ARC = YES;
				CLANG_WARN_BOOL_CONVERSION = YES;
				CLANG_WARN_CONSTANT_CONVERSION = YES;
				CLANG_WARN_DIRECT_OBJC_ISA_USAGE = YES_ERROR;
				CLANG_WARN_EMPTY_BODY = YES;
				CLANG_WARN_ENUM_CONVERSION = YES;
				CLANG_WARN_INT_CONVERSION = YES;
				CLANG_WARN_OBJC_ROOT_CLASS = YES_ERROR;
				CLANG_WARN_UNREACHABLE_CODE = YES;
				CLANG_WARN__DUPLICATE_METHOD_MATCH = YES;
				"CODE_SIGN_IDENTITY[sdk=iphoneos*]" = "iPhone Developer";
				COPY_PHASE_STRIP = YES;
				ENABLE_NS_ASSERTIONS = NO;
				ENABLE_STRICT_OBJC_MSGSEND = YES;
				GCC_C_LANGUAGE_STANDARD = gnu99;
				GCC_WARN_64_TO_32_BIT_CONVERSION = YES;
				GCC_WARN_ABOUT_RETURN_TYPE = YES_ERROR;
				GCC_WARN_UNDECLARED_SELECTOR = YES;
				GCC_WARN_UNINITIALIZED_AUTOS = YES_AGGRESSIVE;
				GCC_WARN_UNUSED_FUNCTION = YES;
				GCC_WARN_UNUSED_VARIABLE = YES;
				IPHONEOS_DEPLOYMENT_TARGET = 8.0;
				MTL_ENABLE_DEBUG_INFO = NO;
				SDKROOT = iphoneos;
				VALIDATE_PRODUCT = YES;
			};
			name = Release;
		};
		B90ADB741AA85D4C001A604B /* Debug */ = {
			isa = XCBuildConfiguration;
			buildSettings = {
				ASSETCATALOG_COMPILER_APPICON_NAME = AppIcon;
				INFOPLIST_FILE = GCDDemo/Info.plist;
				LD_RUNPATH_SEARCH_PATHS = "$(inherited) @executable_path/Frameworks";
				PRODUCT_NAME = "$(TARGET_NAME)";
			};
			name = Debug;
		};
		B90ADB751AA85D4C001A604B /* Release */ = {
			isa = XCBuildConfiguration;
			buildSettings = {
				ASSETCATALOG_COMPILER_APPICON_NAME = AppIcon;
				INFOPLIST_FILE = GCDDemo/Info.plist;
				LD_RUNPATH_SEARCH_PATHS = "$(inherited) @executable_path/Frameworks";
				PRODUCT_NAME = "$(TARGET_NAME)";
			};
			name = Release;
		};
		B90ADB771AA85D4C001A604B /* Debug */ = {
			isa = XCBuildConfiguration;
			buildSettings = {
				BUNDLE_LOADER = "$(TEST_HOST)";
				FRAMEWORK_SEARCH_PATHS = (
					"$(SDKROOT)/Developer/Library/Frameworks",
					"$(inherited)",
				);
				GCC_PREPROCESSOR_DEFINITIONS = (
					"DEBUG=1",
					"$(inherited)",
				);
				INFOPLIST_FILE = GCDDemoTests/Info.plist;
				LD_RUNPATH_SEARCH_PATHS = "$(inherited) @executable_path/Frameworks @loader_path/Frameworks";
				PRODUCT_NAME = "$(TARGET_NAME)";
				TEST_HOST = "$(BUILT_PRODUCTS_DIR)/GCDDemo.app/GCDDemo";
			};
			name = Debug;
		};
		B90ADB781AA85D4C001A604B /* Release */ = {
			isa = XCBuildConfiguration;
			buildSettings = {
				BUNDLE_LOADER = "$(TEST_HOST)";
				FRAMEWORK_SEARCH_PATHS = (
					"$(SDKROOT)/Developer/Library/Frameworks",
					"$(inherited)",
				);
				INFOPLIST_FILE = GCDDemoTests/Info.plist;
				LD_RUNPATH_SEARCH_PATHS = "$(inherited) @executable_path/Frameworks @loader_path/Frameworks";
				PRODUCT_NAME = "$(TARGET_NAME)";
				TEST_HOST = "$(BUILT_PRODUCTS_DIR)/GCDDemo.app/GCDDemo";
			};
			name = Release;
		};
/* End XCBuildConfiguration section */

/* Begin XCConfigurationList section */
		B90ADB4E1AA85D4C001A604B /* Build configuration list for PBXProject "GCDDemo" */ = {
			isa = XCConfigurationList;
			buildConfigurations = (
				B90ADB711AA85D4C001A604B /* Debug */,
				B90ADB721AA85D4C001A604B /* Release */,
			);
			defaultConfigurationIsVisible = 0;
			defaultConfigurationName = Release;
		};
		B90ADB731AA85D4C001A604B /* Build configuration list for PBXNativeTarget "GCDDemo" */ = {
			isa = XCConfigurationList;
			buildConfigurations = (
				B90ADB741AA85D4C001A604B /* Debug */,
				B90ADB751AA85D4C001A604B /* Release */,
			);
			defaultConfigurationIsVisible = 0;
		};
		B90ADB761AA85D4C001A604B /* Build configuration list for PBXNativeTarget "GCDDemoTests" */ = {
			isa = XCConfigurationList;
			buildConfigurations = (
				B90ADB771AA85D4C001A604B /* Debug */,
				B90ADB781AA85D4C001A604B /* Release */,
			);
			defaultConfigurationIsVisible = 0;
		};
/* End XCConfigurationList section */

/* Begin XCVersionGroup section */
		B90ADB5D1AA85D4C001A604B /* GCDDemo.xcdatamodeld */ = {
			isa = XCVersionGroup;
			children = (
				B90ADB5E1AA85D4C001A604B /* GCDDemo.xcdatamodel */,
			);
			currentVersion = B90ADB5E1AA85D4C001A604B /* GCDDemo.xcdatamodel */;
			path = GCDDemo.xcdatamodeld;
			sourceTree = "<group>";
			versionGroupType = wrapper.xcdatamodel;
		};
/* End XCVersionGroup section */
	};
	rootObject = B90ADB4B1AA85D4C001A604B /* Project object */;
}
